{
  "version": 4,
  "terraform_version": "1.2.5",
  "serial": 60,
  "lineage": "e008ffa7-0572-d009-205e-c645b52e8e27",
  "outputs": {},
  "resources": [
    {
      "mode": "data",
      "type": "aws_ami",
      "name": "ubuntu",
      "provider": "provider[\"registry.terraform.io/hashicorp/aws\"]",
      "instances": [
        {
          "schema_version": 0,
          "attributes": {
            "architecture": "x86_64",
            "arn": "arn:aws:ec2:ap-south-1::image/ami-0325e3016099f9112",
            "block_device_mappings": [
              {
                "device_name": "/dev/sda1",
                "ebs": {
                  "delete_on_termination": "true",
                  "encrypted": "false",
                  "iops": "0",
                  "snapshot_id": "snap-063e4c4f24ea5637e",
                  "throughput": "0",
                  "volume_size": "8",
                  "volume_type": "gp2"
                },
                "no_device": "",
                "virtual_name": ""
              },
              {
                "device_name": "/dev/sdb",
                "ebs": {},
                "no_device": "",
                "virtual_name": "ephemeral0"
              },
              {
                "device_name": "/dev/sdc",
                "ebs": {},
                "no_device": "",
                "virtual_name": "ephemeral1"
              }
            ],
            "creation_date": "2022-07-07T00:48:45.000Z",
            "description": "Canonical, Ubuntu, 20.04 LTS, amd64 focal image build on 2022-07-06",
            "ena_support": true,
            "executable_users": null,
            "filter": [
              {
                "name": "name",
                "values": [
                  "ubuntu/images/hvm-ssd/ubuntu-focal-20.04-amd64-server-*"
                ]
              },
              {
                "name": "virtualization-type",
                "values": [
                  "hvm"
                ]
              }
            ],
            "hypervisor": "xen",
            "id": "ami-0325e3016099f9112",
            "image_id": "ami-0325e3016099f9112",
            "image_location": "099720109477/ubuntu/images/hvm-ssd/ubuntu-focal-20.04-amd64-server-20220706",
            "image_owner_alias": null,
            "image_type": "machine",
            "kernel_id": null,
            "most_recent": true,
            "name": "ubuntu/images/hvm-ssd/ubuntu-focal-20.04-amd64-server-20220706",
            "name_regex": null,
            "owner_id": "099720109477",
            "owners": [
              "099720109477"
            ],
            "platform": null,
            "platform_details": "Linux/UNIX",
            "product_codes": [],
            "public": true,
            "ramdisk_id": null,
            "root_device_name": "/dev/sda1",
            "root_device_type": "ebs",
            "root_snapshot_id": "snap-063e4c4f24ea5637e",
            "sriov_net_support": "simple",
            "state": "available",
            "state_reason": {
              "code": "UNSET",
              "message": "UNSET"
            },
            "tags": {},
            "usage_operation": "RunInstances",
            "virtualization_type": "hvm"
          },
          "sensitive_attributes": []
        }
      ]
    },
    {
      "mode": "managed",
      "type": "aws_instance",
      "name": "ubuntu",
      "provider": "provider[\"registry.terraform.io/hashicorp/aws\"]",
      "instances": [
        {
          "schema_version": 1,
          "attributes": {
            "ami": "ami-0325e3016099f9112",
            "arn": "arn:aws:ec2:ap-south-1:653727541039:instance/i-0722f4bf63588d7ef",
            "associate_public_ip_address": true,
            "availability_zone": "ap-south-1a",
            "capacity_reservation_specification": [
              {
                "capacity_reservation_preference": "open",
                "capacity_reservation_target": []
              }
            ],
            "cpu_core_count": 1,
            "cpu_threads_per_core": 1,
            "credit_specification": [
              {
                "cpu_credits": "standard"
              }
            ],
            "disable_api_termination": false,
            "ebs_block_device": [],
            "ebs_optimized": false,
            "enclave_options": [
              {
                "enabled": false
              }
            ],
            "ephemeral_block_device": [],
            "get_password_data": false,
            "hibernation": false,
            "host_id": null,
            "iam_instance_profile": "",
            "id": "i-0722f4bf63588d7ef",
            "instance_initiated_shutdown_behavior": "stop",
            "instance_state": "running",
            "instance_type": "t2.micro",
            "ipv6_address_count": 0,
            "ipv6_addresses": [],
            "key_name": "MyAWSKey",
            "launch_template": [],
            "metadata_options": [
              {
                "http_endpoint": "enabled",
                "http_put_response_hop_limit": 1,
                "http_tokens": "optional",
                "instance_metadata_tags": "disabled"
              }
            ],
            "monitoring": false,
            "network_interface": [],
            "outpost_arn": "",
            "password_data": "",
            "placement_group": "",
            "placement_partition_number": null,
            "primary_network_interface_id": "eni-0b25864d66d96ffa9",
            "private_dns": "ip-172-31-45-245.ap-south-1.compute.internal",
            "private_ip": "172.31.45.245",
            "public_dns": "ec2-13-126-135-19.ap-south-1.compute.amazonaws.com",
            "public_ip": "13.126.135.19",
            "root_block_device": [
              {
                "delete_on_termination": true,
                "device_name": "/dev/sda1",
                "encrypted": false,
                "iops": 100,
                "kms_key_id": "",
                "tags": {},
                "throughput": 0,
                "volume_id": "vol-0d530aedf95986a1f",
                "volume_size": 8,
                "volume_type": "gp2"
              }
            ],
            "secondary_private_ips": [],
            "security_groups": [
              "sg-0f8054f1305fff807"
            ],
            "source_dest_check": true,
            "subnet_id": "subnet-0adb769213c3b9495",
            "tags": {
              "Name": "Terraform Deploy"
            },
            "tags_all": {
              "Name": "Terraform Deploy"
            },
            "tenancy": "default",
            "timeouts": null,
            "user_data": null,
            "user_data_base64": null,
            "volume_tags": null,
            "vpc_security_group_ids": [
              "sg-0f8054f1305fff807"
            ]
          },
          "sensitive_attributes": [],
          "private": "eyJlMmJmYjczMC1lY2FhLTExZTYtOGY4OC0zNDM2M2JjN2M0YzAiOnsiY3JlYXRlIjo2MDAwMDAwMDAwMDAsImRlbGV0ZSI6MTIwMDAwMDAwMDAwMCwidXBkYXRlIjo2MDAwMDAwMDAwMDB9LCJzY2hlbWFfdmVyc2lvbiI6IjEifQ==",
          "dependencies": [
            "data.aws_ami.ubuntu",
            "local_file.private_key_pem",
            "tls_private_key.generated"
          ]
        }
      ]
    },
    {
      "mode": "managed",
      "type": "aws_instance",
      "name": "web",
      "provider": "provider[\"registry.terraform.io/hashicorp/aws\"]",
      "instances": [
        {
          "schema_version": 1,
          "attributes": {
            "ami": "ami-0325e3016099f9112",
            "arn": "arn:aws:ec2:ap-south-1:653727541039:instance/i-012f5de206bfc3d96",
            "associate_public_ip_address": true,
            "availability_zone": "ap-south-1a",
            "capacity_reservation_specification": [
              {
                "capacity_reservation_preference": "open",
                "capacity_reservation_target": []
              }
            ],
            "cpu_core_count": 1,
            "cpu_threads_per_core": 1,
            "credit_specification": [
              {
                "cpu_credits": "standard"
              }
            ],
            "disable_api_termination": false,
            "ebs_block_device": [],
            "ebs_optimized": false,
            "enclave_options": [
              {
                "enabled": false
              }
            ],
            "ephemeral_block_device": [],
            "get_password_data": false,
            "hibernation": false,
            "host_id": null,
            "iam_instance_profile": "",
            "id": "i-012f5de206bfc3d96",
            "instance_initiated_shutdown_behavior": "stop",
            "instance_state": "running",
            "instance_type": "t2.micro",
            "ipv6_address_count": 0,
            "ipv6_addresses": [],
            "key_name": "MyAWSKey",
            "launch_template": [],
            "metadata_options": [
              {
                "http_endpoint": "enabled",
                "http_put_response_hop_limit": 1,
                "http_tokens": "optional",
                "instance_metadata_tags": "disabled"
              }
            ],
            "monitoring": false,
            "network_interface": [],
            "outpost_arn": "",
            "password_data": "",
            "placement_group": "",
            "placement_partition_number": null,
            "primary_network_interface_id": "eni-04e173884f6a93d86",
            "private_dns": "ip-172-31-37-202.ap-south-1.compute.internal",
            "private_ip": "172.31.37.202",
            "public_dns": "ec2-13-233-143-184.ap-south-1.compute.amazonaws.com",
            "public_ip": "13.233.143.184",
            "root_block_device": [
              {
                "delete_on_termination": true,
                "device_name": "/dev/sda1",
                "encrypted": false,
                "iops": 100,
                "kms_key_id": "",
                "tags": {},
                "throughput": 0,
                "volume_id": "vol-0f2d4214d57ae9c66",
                "volume_size": 8,
                "volume_type": "gp2"
              }
            ],
            "secondary_private_ips": [],
            "security_groups": [
              "allow_ssh"
            ],
            "source_dest_check": true,
            "subnet_id": "subnet-0adb769213c3b9495",
            "tags": {
              "Name": "Terraform Deploy"
            },
            "tags_all": {
              "Name": "Terraform Deploy"
            },
            "tenancy": "default",
            "timeouts": null,
            "user_data": null,
            "user_data_base64": null,
            "volume_tags": null,
            "vpc_security_group_ids": [
              "sg-0f8054f1305fff807"
            ]
          },
          "sensitive_attributes": [],
          "private": "eyJlMmJmYjczMC1lY2FhLTExZTYtOGY4OC0zNDM2M2JjN2M0YzAiOnsiY3JlYXRlIjo2MDAwMDAwMDAwMDAsImRlbGV0ZSI6MTIwMDAwMDAwMDAwMCwidXBkYXRlIjo2MDAwMDAwMDAwMDB9LCJzY2hlbWFfdmVyc2lvbiI6IjEifQ==",
          "dependencies": [
            "data.aws_ami.ubuntu",
            "local_file.private_key_pem",
            "tls_private_key.generated"
          ]
        }
      ]
    },
    {
      "mode": "managed",
      "type": "aws_key_pair",
      "name": "deployer",
      "provider": "provider[\"registry.terraform.io/hashicorp/aws\"]",
      "instances": [
        {
          "schema_version": 1,
          "attributes": {
            "arn": "arn:aws:ec2:ap-south-1:653727541039:key-pair/MyAWSKey",
            "fingerprint": "1e:e0:98:e0:85:28:15:57:85:71:e5:31:12:5e:9b:58",
            "id": "MyAWSKey",
            "key_name": "MyAWSKey",
            "key_name_prefix": "",
            "key_pair_id": "key-0fadeddc8bc3af0fc",
            "public_key": "ssh-rsa AAAAB3NzaC1yc2EAAAADAQABAAABAQCwBhcPqcwtCTeTL2g6CCy/z+hMKEFPQ94vaK0hbeKRqZfUIm3T8PirLYQlxZaDCScEy+sscpXe9rFTJfQ9CbOkBF3Sbbz4n28ZqjNedtmZ4IbOr76q/ElycwlPQ0lnzfElVNIFsoyECBHYBjAxNMQfSlAsdnoPICGHL6p90gOqpw013it1sDL+nwEQmiMp5mlL3VWf5fBe1WXXMRNHoyBZNL/XIeoBsG535qRFNYTdv8fcI/FAyDa7/0AS9En8cUAEETBCC+rideFkihydewU2Lqv5finlYkAjUPPqsdJGlirHu3FyGt6HlmU/rCv3PgeO4Ie7isOOqObAjz+Rxksn",
            "tags": {},
            "tags_all": {}
          },
          "sensitive_attributes": [],
          "private": "eyJzY2hlbWFfdmVyc2lvbiI6IjEifQ==",
          "dependencies": [
            "tls_private_key.generated"
          ]
        }
      ]
    },
    {
      "mode": "managed",
      "type": "aws_security_group",
      "name": "allow_ssh",
      "provider": "provider[\"registry.terraform.io/hashicorp/aws\"]",
      "instances": [
        {
          "schema_version": 1,
          "attributes": {
            "arn": "arn:aws:ec2:ap-south-1:653727541039:security-group/sg-0f8054f1305fff807",
            "description": "Allow TLS inbound traffic",
            "egress": [
              {
                "cidr_blocks": [
                  "0.0.0.0/0"
                ],
                "description": "",
                "from_port": 0,
                "ipv6_cidr_blocks": [
                  "::/0"
                ],
                "prefix_list_ids": [],
                "protocol": "-1",
                "security_groups": [],
                "self": false,
                "to_port": 0
              }
            ],
            "id": "sg-0f8054f1305fff807",
            "ingress": [
              {
                "cidr_blocks": [
                  "0.0.0.0/0"
                ],
                "description": "TLS from VPC",
                "from_port": 22,
                "ipv6_cidr_blocks": [
                  "::/0"
                ],
                "prefix_list_ids": [],
                "protocol": "tcp",
                "security_groups": [],
                "self": false,
                "to_port": 80
              }
            ],
            "name": "allow_ssh",
            "name_prefix": "",
            "owner_id": "653727541039",
            "revoke_rules_on_delete": false,
            "tags": {
              "Name": "allow_ssh"
            },
            "tags_all": {
              "Name": "allow_ssh"
            },
            "timeouts": null,
            "vpc_id": "vpc-076db3707c243e669"
          },
          "sensitive_attributes": [],
          "private": "eyJlMmJmYjczMC1lY2FhLTExZTYtOGY4OC0zNDM2M2JjN2M0YzAiOnsiY3JlYXRlIjo2MDAwMDAwMDAwMDAsImRlbGV0ZSI6OTAwMDAwMDAwMDAwfSwic2NoZW1hX3ZlcnNpb24iOiIxIn0="
        }
      ]
    },
    {
      "mode": "managed",
      "type": "local_file",
      "name": "private_key_pem",
      "provider": "provider[\"registry.terraform.io/hashicorp/local\"]",
      "instances": [
        {
          "schema_version": 0,
          "attributes": {
            "content": "-----BEGIN RSA PRIVATE KEY-----\nMIIEowIBAAKCAQEAsAYXD6nMLQk3ky9oOggsv8/oTChBT0PeL2itIW3ikamX1CJt\n0/D4qy2EJcWWgwknBMvrLHKV3vaxUyX0PQmzpARd0m28+J9vGaozXnbZmeCGzq++\nqvxJcnMJT0NJZ83xJVTSBbKMhAgR2AYwMTTEH0pQLHZ6DyAhhy+qfdIDqqcNNd4r\ndbAy/p8BEJojKeZpS91Vn+XwXtVl1zETR6MgWTS/1yHqAbBud+akRTWE3b/H3CPx\nQMg2u/9AEvRJ/HFABBEwQgvq4nXhZIocnXsFNi6r+X4p5WJAI1Dz6rHSRpYqx7tx\nchreh5ZlP6wr9z4HjuCHu4rDjqjmwI8/kcZLJwIDAQABAoIBAQCVbPYSs9/Bs3tc\nFPhzmxDx27qlO98FPOXWdRPTtwaJBOEAkiGNs5hFKCRwNCWrIw/egIUpfDRBzEWI\nAkYtspiu+Y3z3nh2zlFwBg4JePcMK5AE0SgY2oY3A/S5NrOPzUGSoUiQ0Zt7UaZk\nLgynGNYMgfdBZ2oCgRI1Qn+Gw8udBz2AQ2Y9hp/LByo+O5HgdhlfFHgWm1ZvHtsM\nNNkcXMljMo4pttyWiLI0pmK+2Zo370OFnlhyl235fmquWxWxNUEjSBdAEh+aw39P\nwIa9YTdTXsJXrPdDHQh2gqQXxYxJ426m0lu58EgBN319VXM+FDm/2COtduqhPbFA\nAtLY755RAoGBAMbdihCMWjfiH1aehyIuL94CFjP45ihA1YRKipS03HpxAzj+urjD\n/vqULmS+xmyPricU88BEg7V/c+QtimJClY+DnTS4vQgUsi/ufhuiOexePBws/GHK\nT1ESIltcaHNPcebGmAm62Qr/c1p6P543mNn4DAaXj/jZingCifE9UTM7AoGBAOKY\nj7XujMwRMWgkBj97EHoElyRAeJppt0cb4JGLW9uIcha5T4VU5bHbO1kFXpIUzQpg\n5b94ozg01vOfXuXuGWmUuLxbY1YmcIQfEe2leSiT9uqCyO0AD9DkfxBxA3SYVWXj\nhLS8A9qAMm9504Ons5KHBRSClXUEgKURqETTBjEFAoGAfdC1w+h4P7jhKNUdG8Pq\n5uOdFn6XZso2C/95E8IlZ5XOeyW2DqV50SElBPop4Y85mGJKIM94IMElGiyxy57i\nrqyPLkbe2Zj2bxrNUEBfsyqfjxfrCReM/PajI/gf4SxXHLFyiV1caffaDFkhnMEC\nBI1JVnZXURKY53p7uVOY5vcCgYBc7Y46YXuSkRZ/DA8X56NpNwq5Dkunn+VPH0qo\nxctFLB8F3LeVCa0tlKgxKPeQ10EDmZt/O71MZrcksF5d05jOaPSeIqiJgzgvpwJW\nQL+AebYQlNRMBfN2is7lckOlhHe5UmZxLI40BNEqUH8DBjqpw/+8WpVqqQ8NI0Gs\nABMQ9QKBgE0IMeWP91znpbFLDW6eNXt+JgcIpRXP2azydQ079ckVFa1IqGu1HIBh\nJTsVrlNHoGUzkAsZ0b1EXgbmdNX5Fy0JPw4VHA/rEg1JTff4aesZPAhhfMXCrGw2\nroU0kCQ9xH50+xiW1FC0XznG0FoKfNh7yyaYm4jtfamViJo50n6p\n-----END RSA PRIVATE KEY-----\n",
            "content_base64": null,
            "directory_permission": "0777",
            "file_permission": "0777",
            "filename": "MyAWSKey.pem",
            "id": "5e05ce57a72423d4065ee74d887aefbbf2bfce6c",
            "sensitive_content": null,
            "source": null
          },
          "sensitive_attributes": [
            [
              {
                "type": "get_attr",
                "value": "content"
              }
            ]
          ],
          "private": "bnVsbA==",
          "dependencies": [
            "tls_private_key.generated"
          ]
        }
      ]
    },
    {
      "mode": "managed",
      "type": "tls_private_key",
      "name": "generated",
      "provider": "provider[\"registry.terraform.io/hashicorp/tls\"]",
      "instances": [
        {
          "schema_version": 0,
          "attributes": {
            "algorithm": "RSA",
            "ecdsa_curve": "P224",
            "id": "dd9098cc2c250ddf4b69e8486c8c89ee14c8c926",
            "private_key_pem": "-----BEGIN RSA PRIVATE KEY-----\nMIIEowIBAAKCAQEAsAYXD6nMLQk3ky9oOggsv8/oTChBT0PeL2itIW3ikamX1CJt\n0/D4qy2EJcWWgwknBMvrLHKV3vaxUyX0PQmzpARd0m28+J9vGaozXnbZmeCGzq++\nqvxJcnMJT0NJZ83xJVTSBbKMhAgR2AYwMTTEH0pQLHZ6DyAhhy+qfdIDqqcNNd4r\ndbAy/p8BEJojKeZpS91Vn+XwXtVl1zETR6MgWTS/1yHqAbBud+akRTWE3b/H3CPx\nQMg2u/9AEvRJ/HFABBEwQgvq4nXhZIocnXsFNi6r+X4p5WJAI1Dz6rHSRpYqx7tx\nchreh5ZlP6wr9z4HjuCHu4rDjqjmwI8/kcZLJwIDAQABAoIBAQCVbPYSs9/Bs3tc\nFPhzmxDx27qlO98FPOXWdRPTtwaJBOEAkiGNs5hFKCRwNCWrIw/egIUpfDRBzEWI\nAkYtspiu+Y3z3nh2zlFwBg4JePcMK5AE0SgY2oY3A/S5NrOPzUGSoUiQ0Zt7UaZk\nLgynGNYMgfdBZ2oCgRI1Qn+Gw8udBz2AQ2Y9hp/LByo+O5HgdhlfFHgWm1ZvHtsM\nNNkcXMljMo4pttyWiLI0pmK+2Zo370OFnlhyl235fmquWxWxNUEjSBdAEh+aw39P\nwIa9YTdTXsJXrPdDHQh2gqQXxYxJ426m0lu58EgBN319VXM+FDm/2COtduqhPbFA\nAtLY755RAoGBAMbdihCMWjfiH1aehyIuL94CFjP45ihA1YRKipS03HpxAzj+urjD\n/vqULmS+xmyPricU88BEg7V/c+QtimJClY+DnTS4vQgUsi/ufhuiOexePBws/GHK\nT1ESIltcaHNPcebGmAm62Qr/c1p6P543mNn4DAaXj/jZingCifE9UTM7AoGBAOKY\nj7XujMwRMWgkBj97EHoElyRAeJppt0cb4JGLW9uIcha5T4VU5bHbO1kFXpIUzQpg\n5b94ozg01vOfXuXuGWmUuLxbY1YmcIQfEe2leSiT9uqCyO0AD9DkfxBxA3SYVWXj\nhLS8A9qAMm9504Ons5KHBRSClXUEgKURqETTBjEFAoGAfdC1w+h4P7jhKNUdG8Pq\n5uOdFn6XZso2C/95E8IlZ5XOeyW2DqV50SElBPop4Y85mGJKIM94IMElGiyxy57i\nrqyPLkbe2Zj2bxrNUEBfsyqfjxfrCReM/PajI/gf4SxXHLFyiV1caffaDFkhnMEC\nBI1JVnZXURKY53p7uVOY5vcCgYBc7Y46YXuSkRZ/DA8X56NpNwq5Dkunn+VPH0qo\nxctFLB8F3LeVCa0tlKgxKPeQ10EDmZt/O71MZrcksF5d05jOaPSeIqiJgzgvpwJW\nQL+AebYQlNRMBfN2is7lckOlhHe5UmZxLI40BNEqUH8DBjqpw/+8WpVqqQ8NI0Gs\nABMQ9QKBgE0IMeWP91znpbFLDW6eNXt+JgcIpRXP2azydQ079ckVFa1IqGu1HIBh\nJTsVrlNHoGUzkAsZ0b1EXgbmdNX5Fy0JPw4VHA/rEg1JTff4aesZPAhhfMXCrGw2\nroU0kCQ9xH50+xiW1FC0XznG0FoKfNh7yyaYm4jtfamViJo50n6p\n-----END RSA PRIVATE KEY-----\n",
            "public_key_fingerprint_md5": "f0:65:02:b3:6f:9d:2d:69:b5:9e:3e:71:6c:61:75:c1",
            "public_key_openssh": "ssh-rsa AAAAB3NzaC1yc2EAAAADAQABAAABAQCwBhcPqcwtCTeTL2g6CCy/z+hMKEFPQ94vaK0hbeKRqZfUIm3T8PirLYQlxZaDCScEy+sscpXe9rFTJfQ9CbOkBF3Sbbz4n28ZqjNedtmZ4IbOr76q/ElycwlPQ0lnzfElVNIFsoyECBHYBjAxNMQfSlAsdnoPICGHL6p90gOqpw013it1sDL+nwEQmiMp5mlL3VWf5fBe1WXXMRNHoyBZNL/XIeoBsG535qRFNYTdv8fcI/FAyDa7/0AS9En8cUAEETBCC+rideFkihydewU2Lqv5finlYkAjUPPqsdJGlirHu3FyGt6HlmU/rCv3PgeO4Ie7isOOqObAjz+Rxksn\n",
            "public_key_pem": "-----BEGIN PUBLIC KEY-----\nMIIBIjANBgkqhkiG9w0BAQEFAAOCAQ8AMIIBCgKCAQEAsAYXD6nMLQk3ky9oOggs\nv8/oTChBT0PeL2itIW3ikamX1CJt0/D4qy2EJcWWgwknBMvrLHKV3vaxUyX0PQmz\npARd0m28+J9vGaozXnbZmeCGzq++qvxJcnMJT0NJZ83xJVTSBbKMhAgR2AYwMTTE\nH0pQLHZ6DyAhhy+qfdIDqqcNNd4rdbAy/p8BEJojKeZpS91Vn+XwXtVl1zETR6Mg\nWTS/1yHqAbBud+akRTWE3b/H3CPxQMg2u/9AEvRJ/HFABBEwQgvq4nXhZIocnXsF\nNi6r+X4p5WJAI1Dz6rHSRpYqx7txchreh5ZlP6wr9z4HjuCHu4rDjqjmwI8/kcZL\nJwIDAQAB\n-----END PUBLIC KEY-----\n",
            "rsa_bits": 2048
          },
          "sensitive_attributes": [],
          "private": "bnVsbA=="
        }
      ]
    }
  ]
}
